// !$*UTF8*$!
{
	archiveVersion = 1;
	classes = {
	};
	objectVersion = 56;
	objects = {

/* Begin PBXBuildFile section */
		24A062C32B7596B100B5F1E0 /* AppDelegate.swift in Sources */ = {isa = PBXBuildFile; fileRef = 24A062C22B7596B100B5F1E0 /* AppDelegate.swift */; };
		24A062C52B7596B100B5F1E0 /* SceneDelegate.swift in Sources */ = {isa = PBXBuildFile; fileRef = 24A062C42B7596B100B5F1E0 /* SceneDelegate.swift */; };
		24A062C72B7596B100B5F1E0 /* ViewController.swift in Sources */ = {isa = PBXBuildFile; fileRef = 24A062C62B7596B100B5F1E0 /* ViewController.swift */; };
		24A062CA2B7596B100B5F1E0 /* Main.storyboard in Resources */ = {isa = PBXBuildFile; fileRef = 24A062C82B7596B100B5F1E0 /* Main.storyboard */; };
		24A062CC2B7596B200B5F1E0 /* Assets.xcassets in Resources */ = {isa = PBXBuildFile; fileRef = 24A062CB2B7596B200B5F1E0 /* Assets.xcassets */; };
		24A062CF2B7596B200B5F1E0 /* LaunchScreen.storyboard in Resources */ = {isa = PBXBuildFile; fileRef = 24A062CD2B7596B200B5F1E0 /* LaunchScreen.storyboard */; };
		24A062D72B759CF000B5F1E0 /* DecisionNode.swift in Sources */ = {isa = PBXBuildFile; fileRef = 24A062D62B759CF000B5F1E0 /* DecisionNode.swift */; };
		24A062D92B75A6C900B5F1E0 /* DecisionLogic.swift in Sources */ = {isa = PBXBuildFile; fileRef = 24A062D82B75A6C900B5F1E0 /* DecisionLogic.swift */; };
		24A062DD2B75F48900B5F1E0 /* Scene.swift in Sources */ = {isa = PBXBuildFile; fileRef = 24A062DC2B75F48900B5F1E0 /* Scene.swift */; };
		24A062DF2B763A5400B5F1E0 /* onepiece_outro.gif in Resources */ = {isa = PBXBuildFile; fileRef = 24A062DE2B763A5400B5F1E0 /* onepiece_outro.gif */; };
		24A062E22B763ADB00B5F1E0 /* gifLoader.swift in Sources */ = {isa = PBXBuildFile; fileRef = 24A062E12B763ADB00B5F1E0 /* gifLoader.swift */; };
		24A062E62B764BAD00B5F1E0 /* onepiece_intro.gif in Resources */ = {isa = PBXBuildFile; fileRef = 24A062E52B764BAD00B5F1E0 /* onepiece_intro.gif */; };
		24A062EA2B77503F00B5F1E0 /* SceneSelection.swift in Sources */ = {isa = PBXBuildFile; fileRef = 24A062E92B77503F00B5F1E0 /* SceneSelection.swift */; };
		24A062EE2B778B6E00B5F1E0 /* 0.gif in Resources */ = {isa = PBXBuildFile; fileRef = 24A062EB2B778B6D00B5F1E0 /* 0.gif */; };
		24A0635D2B78E85300B5F1E0 /* 5.gif in Resources */ = {isa = PBXBuildFile; fileRef = 24A063512B78E85100B5F1E0 /* 5.gif */; };
		24A0635E2B78E85300B5F1E0 /* 12.gif in Resources */ = {isa = PBXBuildFile; fileRef = 24A063522B78E85200B5F1E0 /* 12.gif */; };
		24A0635F2B78E85300B5F1E0 /* 11.gif in Resources */ = {isa = PBXBuildFile; fileRef = 24A063532B78E85200B5F1E0 /* 11.gif */; };
		24A063602B78E85300B5F1E0 /* 3.gif in Resources */ = {isa = PBXBuildFile; fileRef = 24A063542B78E85200B5F1E0 /* 3.gif */; };
		24A063612B78E85300B5F1E0 /* 1.gif in Resources */ = {isa = PBXBuildFile; fileRef = 24A063552B78E85200B5F1E0 /* 1.gif */; };
		24A063622B78E85300B5F1E0 /* 6.gif in Resources */ = {isa = PBXBuildFile; fileRef = 24A063562B78E85200B5F1E0 /* 6.gif */; };
		24A063632B78E85300B5F1E0 /* 2.gif in Resources */ = {isa = PBXBuildFile; fileRef = 24A063572B78E85200B5F1E0 /* 2.gif */; };
		24A063642B78E85300B5F1E0 /* 8.gif in Resources */ = {isa = PBXBuildFile; fileRef = 24A063582B78E85200B5F1E0 /* 8.gif */; };
		24A063652B78E85300B5F1E0 /* 13.gif in Resources */ = {isa = PBXBuildFile; fileRef = 24A063592B78E85200B5F1E0 /* 13.gif */; };
		24A063662B78E85300B5F1E0 /* 4.gif in Resources */ = {isa = PBXBuildFile; fileRef = 24A0635A2B78E85300B5F1E0 /* 4.gif */; };
		24A063672B78E85300B5F1E0 /* 7.gif in Resources */ = {isa = PBXBuildFile; fileRef = 24A0635B2B78E85300B5F1E0 /* 7.gif */; };
		24A063682B78E85300B5F1E0 /* 14.gif in Resources */ = {isa = PBXBuildFile; fileRef = 24A0635C2B78E85300B5F1E0 /* 14.gif */; };
/* End PBXBuildFile section */

/* Begin PBXFileReference section */
		24A062BF2B7596B100B5F1E0 /* MyAdventure.app */ = {isa = PBXFileReference; explicitFileType = wrapper.application; includeInIndex = 0; path = MyAdventure.app; sourceTree = BUILT_PRODUCTS_DIR; };
		24A062C22B7596B100B5F1E0 /* AppDelegate.swift */ = {isa = PBXFileReference; lastKnownFileType = sourcecode.swift; path = AppDelegate.swift; sourceTree = "<group>"; };
		24A062C42B7596B100B5F1E0 /* SceneDelegate.swift */ = {isa = PBXFileReference; lastKnownFileType = sourcecode.swift; path = SceneDelegate.swift; sourceTree = "<group>"; };
		24A062C62B7596B100B5F1E0 /* ViewController.swift */ = {isa = PBXFileReference; lastKnownFileType = sourcecode.swift; path = ViewController.swift; sourceTree = "<group>"; };
		24A062C92B7596B100B5F1E0 /* Base */ = {isa = PBXFileReference; lastKnownFileType = file.storyboard; name = Base; path = Base.lproj/Main.storyboard; sourceTree = "<group>"; };
		24A062CB2B7596B200B5F1E0 /* Assets.xcassets */ = {isa = PBXFileReference; lastKnownFileType = folder.assetcatalog; path = Assets.xcassets; sourceTree = "<group>"; };
		24A062CE2B7596B200B5F1E0 /* Base */ = {isa = PBXFileReference; lastKnownFileType = file.storyboard; name = Base; path = Base.lproj/LaunchScreen.storyboard; sourceTree = "<group>"; };
		24A062D02B7596B200B5F1E0 /* Info.plist */ = {isa = PBXFileReference; lastKnownFileType = text.plist.xml; path = Info.plist; sourceTree = "<group>"; };
		24A062D62B759CF000B5F1E0 /* DecisionNode.swift */ = {isa = PBXFileReference; lastKnownFileType = sourcecode.swift; path = DecisionNode.swift; sourceTree = "<group>"; };
		24A062D82B75A6C900B5F1E0 /* DecisionLogic.swift */ = {isa = PBXFileReference; lastKnownFileType = sourcecode.swift; path = DecisionLogic.swift; sourceTree = "<group>"; };
		24A062DC2B75F48900B5F1E0 /* Scene.swift */ = {isa = PBXFileReference; lastKnownFileType = sourcecode.swift; path = Scene.swift; sourceTree = "<group>"; };
		24A062DE2B763A5400B5F1E0 /* onepiece_outro.gif */ = {isa = PBXFileReference; lastKnownFileType = image.gif; path = onepiece_outro.gif; sourceTree = "<group>"; };
		24A062E12B763ADB00B5F1E0 /* gifLoader.swift */ = {isa = PBXFileReference; lastKnownFileType = sourcecode.swift; path = gifLoader.swift; sourceTree = "<group>"; };
		24A062E52B764BAD00B5F1E0 /* onepiece_intro.gif */ = {isa = PBXFileReference; lastKnownFileType = image.gif; path = onepiece_intro.gif; sourceTree = "<group>"; };
		24A062E92B77503F00B5F1E0 /* SceneSelection.swift */ = {isa = PBXFileReference; lastKnownFileType = sourcecode.swift; path = SceneSelection.swift; sourceTree = "<group>"; };
		24A062EB2B778B6D00B5F1E0 /* 0.gif */ = {isa = PBXFileReference; lastKnownFileType = image.gif; path = 0.gif; sourceTree = "<group>"; };
		24A063512B78E85100B5F1E0 /* 5.gif */ = {isa = PBXFileReference; lastKnownFileType = image.gif; path = 5.gif; sourceTree = "<group>"; };
		24A063522B78E85200B5F1E0 /* 12.gif */ = {isa = PBXFileReference; lastKnownFileType = image.gif; path = 12.gif; sourceTree = "<group>"; };
		24A063532B78E85200B5F1E0 /* 11.gif */ = {isa = PBXFileReference; lastKnownFileType = image.gif; path = 11.gif; sourceTree = "<group>"; };
		24A063542B78E85200B5F1E0 /* 3.gif */ = {isa = PBXFileReference; lastKnownFileType = image.gif; path = 3.gif; sourceTree = "<group>"; };
		24A063552B78E85200B5F1E0 /* 1.gif */ = {isa = PBXFileReference; lastKnownFileType = image.gif; name = 1.gif; path = ../../../Resources/SceneGifs/1.gif; sourceTree = "<group>"; };
		24A063562B78E85200B5F1E0 /* 6.gif */ = {isa = PBXFileReference; lastKnownFileType = image.gif; path = 6.gif; sourceTree = "<group>"; };
		24A063572B78E85200B5F1E0 /* 2.gif */ = {isa = PBXFileReference; lastKnownFileType = image.gif; name = 2.gif; path = ../../../Resources/SceneGifs/2.gif; sourceTree = "<group>"; };
		24A063582B78E85200B5F1E0 /* 8.gif */ = {isa = PBXFileReference; lastKnownFileType = image.gif; path = 8.gif; sourceTree = "<group>"; };
		24A063592B78E85200B5F1E0 /* 13.gif */ = {isa = PBXFileReference; lastKnownFileType = image.gif; path = 13.gif; sourceTree = "<group>"; };
		24A0635A2B78E85300B5F1E0 /* 4.gif */ = {isa = PBXFileReference; lastKnownFileType = image.gif; path = 4.gif; sourceTree = "<group>"; };
		24A0635B2B78E85300B5F1E0 /* 7.gif */ = {isa = PBXFileReference; lastKnownFileType = image.gif; path = 7.gif; sourceTree = "<group>"; };
		24A0635C2B78E85300B5F1E0 /* 14.gif */ = {isa = PBXFileReference; lastKnownFileType = image.gif; path = 14.gif; sourceTree = "<group>"; };
/* End PBXFileReference section */

/* Begin PBXFrameworksBuildPhase section */
		24A062BC2B7596B100B5F1E0 /* Frameworks */ = {
			isa = PBXFrameworksBuildPhase;
			buildActionMask = 2147483647;
			files = (
			);
			runOnlyForDeploymentPostprocessing = 0;
		};
/* End PBXFrameworksBuildPhase section */

/* Begin PBXGroup section */
		24A062B62B7596B100B5F1E0 = {
			isa = PBXGroup;
			children = (
				24A062C12B7596B100B5F1E0 /* MyAdventure */,
				24A062C02B7596B100B5F1E0 /* Products */,
			);
			sourceTree = "<group>";
		};
		24A062C02B7596B100B5F1E0 /* Products */ = {
			isa = PBXGroup;
			children = (
				24A062BF2B7596B100B5F1E0 /* MyAdventure.app */,
			);
			name = Products;
			sourceTree = "<group>";
		};
		24A062C12B7596B100B5F1E0 /* MyAdventure */ = {
			isa = PBXGroup;
			children = (
				24A062C22B7596B100B5F1E0 /* AppDelegate.swift */,
				24A062C42B7596B100B5F1E0 /* SceneDelegate.swift */,
				24A062DA2B75A76300B5F1E0 /* Model */,
				24A062DB2B75A77200B5F1E0 /* View */,
				24A062C82B7596B100B5F1E0 /* Main.storyboard */,
				24A062E02B763A5D00B5F1E0 /* Gifs */,
				24A062CB2B7596B200B5F1E0 /* Assets.xcassets */,
				24A062CD2B7596B200B5F1E0 /* LaunchScreen.storyboard */,
				24A062D02B7596B200B5F1E0 /* Info.plist */,
			);
			path = MyAdventure;
			sourceTree = "<group>";
		};
		24A062DA2B75A76300B5F1E0 /* Model */ = {
			isa = PBXGroup;
			children = (
				24A062D62B759CF000B5F1E0 /* DecisionNode.swift */,
				24A062D82B75A6C900B5F1E0 /* DecisionLogic.swift */,
				24A062DC2B75F48900B5F1E0 /* Scene.swift */,
				24A062E92B77503F00B5F1E0 /* SceneSelection.swift */,
			);
			path = Model;
			sourceTree = "<group>";
		};
		24A062DB2B75A77200B5F1E0 /* View */ = {
			isa = PBXGroup;
			children = (
				24A062C62B7596B100B5F1E0 /* ViewController.swift */,
			);
			path = View;
			sourceTree = "<group>";
		};
		24A062E02B763A5D00B5F1E0 /* Gifs */ = {
			isa = PBXGroup;
			children = (
				24A062E12B763ADB00B5F1E0 /* gifLoader.swift */,
				24A062E52B764BAD00B5F1E0 /* onepiece_intro.gif */,
				24A062EB2B778B6D00B5F1E0 /* 0.gif */,
				24A063552B78E85200B5F1E0 /* 1.gif */,
				24A063572B78E85200B5F1E0 /* 2.gif */,
				24A063542B78E85200B5F1E0 /* 3.gif */,
				24A0635A2B78E85300B5F1E0 /* 4.gif */,
				24A063512B78E85100B5F1E0 /* 5.gif */,
				24A063562B78E85200B5F1E0 /* 6.gif */,
				24A0635B2B78E85300B5F1E0 /* 7.gif */,
				24A063582B78E85200B5F1E0 /* 8.gif */,
				24A063532B78E85200B5F1E0 /* 11.gif */,
				24A063522B78E85200B5F1E0 /* 12.gif */,
				24A063592B78E85200B5F1E0 /* 13.gif */,
				24A0635C2B78E85300B5F1E0 /* 14.gif */,
				24A062DE2B763A5400B5F1E0 /* onepiece_outro.gif */,
			);
			path = Gifs;
			sourceTree = "<group>";
		};
/* End PBXGroup section */

/* Begin PBXNativeTarget section */
		24A062BE2B7596B100B5F1E0 /* MyAdventure */ = {
			isa = PBXNativeTarget;
			buildConfigurationList = 24A062D32B7596B200B5F1E0 /* Build configuration list for PBXNativeTarget "MyAdventure" */;
			buildPhases = (
				24A062BB2B7596B100B5F1E0 /* Sources */,
				24A062BC2B7596B100B5F1E0 /* Frameworks */,
				24A062BD2B7596B100B5F1E0 /* Resources */,
			);
			buildRules = (
			);
			dependencies = (
			);
			name = MyAdventure;
			productName = MyAdventure;
			productReference = 24A062BF2B7596B100B5F1E0 /* MyAdventure.app */;
			productType = "com.apple.product-type.application";
		};
/* End PBXNativeTarget section */

/* Begin PBXProject section */
		24A062B72B7596B100B5F1E0 /* Project object */ = {
			isa = PBXProject;
			attributes = {
				BuildIndependentTargetsInParallel = 1;
				LastSwiftUpdateCheck = 1520;
				LastUpgradeCheck = 1520;
				TargetAttributes = {
					24A062BE2B7596B100B5F1E0 = {
						CreatedOnToolsVersion = 15.2;
					};
				};
			};
			buildConfigurationList = 24A062BA2B7596B100B5F1E0 /* Build configuration list for PBXProject "MyAdventure" */;
			compatibilityVersion = "Xcode 14.0";
			developmentRegion = en;
			hasScannedForEncodings = 0;
			knownRegions = (
				en,
				Base,
			);
			mainGroup = 24A062B62B7596B100B5F1E0;
			productRefGroup = 24A062C02B7596B100B5F1E0 /* Products */;
			projectDirPath = "";
			projectRoot = "";
			targets = (
				24A062BE2B7596B100B5F1E0 /* MyAdventure */,
			);
		};
/* End PBXProject section */

/* Begin PBXResourcesBuildPhase section */
		24A062BD2B7596B100B5F1E0 /* Resources */ = {
			isa = PBXResourcesBuildPhase;
			buildActionMask = 2147483647;
			files = (
				24A063612B78E85300B5F1E0 /* 1.gif in Resources */,
				24A062E62B764BAD00B5F1E0 /* onepiece_intro.gif in Resources */,
				24A062CF2B7596B200B5F1E0 /* LaunchScreen.storyboard in Resources */,
				24A063682B78E85300B5F1E0 /* 14.gif in Resources */,
				24A063672B78E85300B5F1E0 /* 7.gif in Resources */,
				24A063622B78E85300B5F1E0 /* 6.gif in Resources */,
				24A0635D2B78E85300B5F1E0 /* 5.gif in Resources */,
				24A062CC2B7596B200B5F1E0 /* Assets.xcassets in Resources */,
				24A063602B78E85300B5F1E0 /* 3.gif in Resources */,
				24A062EE2B778B6E00B5F1E0 /* 0.gif in Resources */,
				24A0635E2B78E85300B5F1E0 /* 12.gif in Resources */,
				24A0635F2B78E85300B5F1E0 /* 11.gif in Resources */,
				24A063652B78E85300B5F1E0 /* 13.gif in Resources */,
				24A062DF2B763A5400B5F1E0 /* onepiece_outro.gif in Resources */,
				24A063642B78E85300B5F1E0 /* 8.gif in Resources */,
				24A063662B78E85300B5F1E0 /* 4.gif in Resources */,
				24A062CA2B7596B100B5F1E0 /* Main.storyboard in Resources */,
				24A063632B78E85300B5F1E0 /* 2.gif in Resources */,
			);
			runOnlyForDeploymentPostprocessing = 0;
		};
/* End PBXResourcesBuildPhase section */

/* Begin PBXSourcesBuildPhase section */
		24A062BB2B7596B100B5F1E0 /* Sources */ = {
			isa = PBXSourcesBuildPhase;
			buildActionMask = 2147483647;
			files = (
				24A062C72B7596B100B5F1E0 /* ViewController.swift in Sources */,
				24A062E22B763ADB00B5F1E0 /* gifLoader.swift in Sources */,
				24A062D72B759CF000B5F1E0 /* DecisionNode.swift in Sources */,
				24A062DD2B75F48900B5F1E0 /* Scene.swift in Sources */,
				24A062C32B7596B100B5F1E0 /* AppDelegate.swift in Sources */,
				24A062D92B75A6C900B5F1E0 /* DecisionLogic.swift in Sources */,
				24A062C52B7596B100B5F1E0 /* SceneDelegate.swift in Sources */,
				24A062EA2B77503F00B5F1E0 /* SceneSelection.swift in Sources */,
			);
			runOnlyForDeploymentPostprocessing = 0;
		};
/* End PBXSourcesBuildPhase section */

/* Begin PBXVariantGroup section */
		24A062C82B7596B100B5F1E0 /* Main.storyboard */ = {
			isa = PBXVariantGroup;
			children = (
				24A062C92B7596B100B5F1E0 /* Base */,
			);
			name = Main.storyboard;
			sourceTree = "<group>";
		};
		24A062CD2B7596B200B5F1E0 /* LaunchScreen.storyboard */ = {
			isa = PBXVariantGroup;
			children = (
				24A062CE2B7596B200B5F1E0 /* Base */,
			);
			name = LaunchScreen.storyboard;
			sourceTree = "<group>";
		};
/* End PBXVariantGroup section */

/* Begin XCBuildConfiguration section */
		24A062D12B7596B200B5F1E0 /* Debug */ = {
			isa = XCBuildConfiguration;
			buildSettings = {
				ALWAYS_SEARCH_USER_PATHS = NO;
				ASSETCATALOG_COMPILER_GENERATE_SWIFT_ASSET_SYMBOL_EXTENSIONS = YES;
				CLANG_ANALYZER_NONNULL = YES;
				CLANG_ANALYZER_NUMBER_OBJECT_CONVERSION = YES_AGGRESSIVE;
				CLANG_CXX_LANGUAGE_STANDARD = "gnu++20";
				CLANG_ENABLE_MODULES = YES;
				CLANG_ENABLE_OBJC_ARC = YES;
				CLANG_ENABLE_OBJC_WEAK = YES;
				CLANG_WARN_BLOCK_CAPTURE_AUTORELEASING = YES;
				CLANG_WARN_BOOL_CONVERSION = YES;
				CLANG_WARN_COMMA = YES;
				CLANG_WARN_CONSTANT_CONVERSION = YES;
				CLANG_WARN_DEPRECATED_OBJC_IMPLEMENTATIONS = YES;
				CLANG_WARN_DIRECT_OBJC_ISA_USAGE = YES_ERROR;
				CLANG_WARN_DOCUMENTATION_COMMENTS = YES;
				CLANG_WARN_EMPTY_BODY = YES;
				CLANG_WARN_ENUM_CONVERSION = YES;
				CLANG_WARN_INFINITE_RECURSION = YES;
				CLANG_WARN_INT_CONVERSION = YES;
				CLANG_WARN_NON_LITERAL_NULL_CONVERSION = YES;
				CLANG_WARN_OBJC_IMPLICIT_RETAIN_SELF = YES;
				CLANG_WARN_OBJC_LITERAL_CONVERSION = YES;
				CLANG_WARN_OBJC_ROOT_CLASS = YES_ERROR;
				CLANG_WARN_QUOTED_INCLUDE_IN_FRAMEWORK_HEADER = YES;
				CLANG_WARN_RANGE_LOOP_ANALYSIS = YES;
				CLANG_WARN_STRICT_PROTOTYPES = YES;
				CLANG_WARN_SUSPICIOUS_MOVE = YES;
				CLANG_WARN_UNGUARDED_AVAILABILITY = YES_AGGRESSIVE;
				CLANG_WARN_UNREACHABLE_CODE = YES;
				CLANG_WARN__DUPLICATE_METHOD_MATCH = YES;
				COPY_PHASE_STRIP = NO;
				DEBUG_INFORMATION_FORMAT = dwarf;
				ENABLE_STRICT_OBJC_MSGSEND = YES;
				ENABLE_TESTABILITY = YES;
				ENABLE_USER_SCRIPT_SANDBOXING = YES;
				GCC_C_LANGUAGE_STANDARD = gnu17;
				GCC_DYNAMIC_NO_PIC = NO;
				GCC_NO_COMMON_BLOCKS = YES;
				GCC_OPTIMIZATION_LEVEL = 0;
				GCC_PREPROCESSOR_DEFINITIONS = (
					"DEBUG=1",
					"$(inherited)",
				);
				GCC_WARN_64_TO_32_BIT_CONVERSION = YES;
				GCC_WARN_ABOUT_RETURN_TYPE = YES_ERROR;
				GCC_WARN_UNDECLARED_SELECTOR = YES;
				GCC_WARN_UNINITIALIZED_AUTOS = YES_AGGRESSIVE;
				GCC_WARN_UNUSED_FUNCTION = YES;
				GCC_WARN_UNUSED_VARIABLE = YES;
				IPHONEOS_DEPLOYMENT_TARGET = 17.2;
				LOCALIZATION_PREFERS_STRING_CATALOGS = YES;
				MTL_ENABLE_DEBUG_INFO = INCLUDE_SOURCE;
				MTL_FAST_MATH = YES;
				ONLY_ACTIVE_ARCH = YES;
				SDKROOT = iphoneos;
				SWIFT_ACTIVE_COMPILATION_CONDITIONS = "DEBUG $(inherited)";
				SWIFT_OPTIMIZATION_LEVEL = "-Onone";
			};
			name = Debug;
		};
		24A062D22B7596B200B5F1E0 /* Release */ = {
			isa = XCBuildConfiguration;
			buildSettings = {
				ALWAYS_SEARCH_USER_PATHS = NO;
				ASSETCATALOG_COMPILER_GENERATE_SWIFT_ASSET_SYMBOL_EXTENSIONS = YES;
				CLANG_ANALYZER_NONNULL = YES;
				CLANG_ANALYZER_NUMBER_OBJECT_CONVERSION = YES_AGGRESSIVE;
				CLANG_CXX_LANGUAGE_STANDARD = "gnu++20";
				CLANG_ENABLE_MODULES = YES;
				CLANG_ENABLE_OBJC_ARC = YES;
				CLANG_ENABLE_OBJC_WEAK = YES;
				CLANG_WARN_BLOCK_CAPTURE_AUTORELEASING = YES;
				CLANG_WARN_BOOL_CONVERSION = YES;
				CLANG_WARN_COMMA = YES;
				CLANG_WARN_CONSTANT_CONVERSION = YES;
				CLANG_WARN_DEPRECATED_OBJC_IMPLEMENTATIONS = YES;
				CLANG_WARN_DIRECT_OBJC_ISA_USAGE = YES_ERROR;
				CLANG_WARN_DOCUMENTATION_COMMENTS = YES;
				CLANG_WARN_EMPTY_BODY = YES;
				CLANG_WARN_ENUM_CONVERSION = YES;
				CLANG_WARN_INFINITE_RECURSION = YES;
				CLANG_WARN_INT_CONVERSION = YES;
				CLANG_WARN_NON_LITERAL_NULL_CONVERSION = YES;
				CLANG_WARN_OBJC_IMPLICIT_RETAIN_SELF = YES;
				CLANG_WARN_OBJC_LITERAL_CONVERSION = YES;
				CLANG_WARN_OBJC_ROOT_CLASS = YES_ERROR;
				CLANG_WARN_QUOTED_INCLUDE_IN_FRAMEWORK_HEADER = YES;
				CLANG_WARN_RANGE_LOOP_ANALYSIS = YES;
				CLANG_WARN_STRICT_PROTOTYPES = YES;
				CLANG_WARN_SUSPICIOUS_MOVE = YES;
				CLANG_WARN_UNGUARDED_AVAILABILITY = YES_AGGRESSIVE;
				CLANG_WARN_UNREACHABLE_CODE = YES;
				CLANG_WARN__DUPLICATE_METHOD_MATCH = YES;
				COPY_PHASE_STRIP = NO;
				DEBUG_INFORMATION_FORMAT = "dwarf-with-dsym";
				ENABLE_NS_ASSERTIONS = NO;
				ENABLE_STRICT_OBJC_MSGSEND = YES;
				ENABLE_USER_SCRIPT_SANDBOXING = YES;
				GCC_C_LANGUAGE_STANDARD = gnu17;
				GCC_NO_COMMON_BLOCKS = YES;
				GCC_WARN_64_TO_32_BIT_CONVERSION = YES;
				GCC_WARN_ABOUT_RETURN_TYPE = YES_ERROR;
				GCC_WARN_UNDECLARED_SELECTOR = YES;
				GCC_WARN_UNINITIALIZED_AUTOS = YES_AGGRESSIVE;
				GCC_WARN_UNUSED_FUNCTION = YES;
				GCC_WARN_UNUSED_VARIABLE = YES;
				IPHONEOS_DEPLOYMENT_TARGET = 17.2;
				LOCALIZATION_PREFERS_STRING_CATALOGS = YES;
				MTL_ENABLE_DEBUG_INFO = NO;
				MTL_FAST_MATH = YES;
				SDKROOT = iphoneos;
				SWIFT_COMPILATION_MODE = wholemodule;
				VALIDATE_PRODUCT = YES;
			};
			name = Release;
		};
		24A062D42B7596B200B5F1E0 /* Debug */ = {
			isa = XCBuildConfiguration;
			buildSettings = {
				ASSETCATALOG_COMPILER_APPICON_NAME = AppIcon;
				ASSETCATALOG_COMPILER_GLOBAL_ACCENT_COLOR_NAME = AccentColor;
				CODE_SIGN_STYLE = Automatic;
				CURRENT_PROJECT_VERSION = 1;
				GENERATE_INFOPLIST_FILE = YES;
				INFOPLIST_FILE = MyAdventure/Info.plist;
				INFOPLIST_KEY_UIApplicationSupportsIndirectInputEvents = YES;
				INFOPLIST_KEY_UILaunchStoryboardName = LaunchScreen;
				INFOPLIST_KEY_UIMainStoryboardFile = Main;
				INFOPLIST_KEY_UISupportedInterfaceOrientations_iPad = "UIInterfaceOrientationPortrait UIInterfaceOrientationPortraitUpsideDown UIInterfaceOrientationLandscapeLeft UIInterfaceOrientationLandscapeRight";
				INFOPLIST_KEY_UISupportedInterfaceOrientations_iPhone = "UIInterfaceOrientationPortrait UIInterfaceOrientationLandscapeLeft UIInterfaceOrientationLandscapeRight";
				LD_RUNPATH_SEARCH_PATHS = (
					"$(inherited)",
					"@executable_path/Frameworks",
				);
				MARKETING_VERSION = 1.0;
				PRODUCT_BUNDLE_IDENTIFIER = kzb0125.MyAdventure;
				PRODUCT_NAME = "$(TARGET_NAME)";
				SWIFT_EMIT_LOC_STRINGS = YES;
				SWIFT_VERSION = 5.0;
				TARGETED_DEVICE_FAMILY = "1,2";
			};
			name = Debug;
		};
		24A062D52B7596B200B5F1E0 /* Release */ = {
			isa = XCBuildConfiguration;
			buildSettings = {
				ASSETCATALOG_COMPILER_APPICON_NAME = AppIcon;
				ASSETCATALOG_COMPILER_GLOBAL_ACCENT_COLOR_NAME = AccentColor;
				CODE_SIGN_STYLE = Automatic;
				CURRENT_PROJECT_VERSION = 1;
				GENERATE_INFOPLIST_FILE = YES;
				INFOPLIST_FILE = MyAdventure/Info.plist;
				INFOPLIST_KEY_UIApplicationSupportsIndirectInputEvents = YES;
				INFOPLIST_KEY_UILaunchStoryboardName = LaunchScreen;
				INFOPLIST_KEY_UIMainStoryboardFile = Main;
				INFOPLIST_KEY_UISupportedInterfaceOrientations_iPad = "UIInterfaceOrientationPortrait UIInterfaceOrientationPortraitUpsideDown UIInterfaceOrientationLandscapeLeft UIInterfaceOrientationLandscapeRight";
				INFOPLIST_KEY_UISupportedInterfaceOrientations_iPhone = "UIInterfaceOrientationPortrait UIInterfaceOrientationLandscapeLeft UIInterfaceOrientationLandscapeRight";
				LD_RUNPATH_SEARCH_PATHS = (
					"$(inherited)",
					"@executable_path/Frameworks",
				);
				MARKETING_VERSION = 1.0;
				PRODUCT_BUNDLE_IDENTIFIER = kzb0125.MyAdventure;
				PRODUCT_NAME = "$(TARGET_NAME)";
				SWIFT_EMIT_LOC_STRINGS = YES;
				SWIFT_VERSION = 5.0;
				TARGETED_DEVICE_FAMILY = "1,2";
			};
			name = Release;
		};
/* End XCBuildConfiguration section */

/* Begin XCConfigurationList section */
		24A062BA2B7596B100B5F1E0 /* Build configuration list for PBXProject "MyAdventure" */ = {
			isa = XCConfigurationList;
			buildConfigurations = (
				24A062D12B7596B200B5F1E0 /* Debug */,
				24A062D22B7596B200B5F1E0 /* Release */,
			);
			defaultConfigurationIsVisible = 0;
			defaultConfigurationName = Release;
		};
		24A062D32B7596B200B5F1E0 /* Build configuration list for PBXNativeTarget "MyAdventure" */ = {
			isa = XCConfigurationList;
			buildConfigurations = (
				24A062D42B7596B200B5F1E0 /* Debug */,
				24A062D52B7596B200B5F1E0 /* Release */,
			);
			defaultConfigurationIsVisible = 0;
			defaultConfigurationName = Release;
		};
/* End XCConfigurationList section */
	};
	rootObject = 24A062B72B7596B100B5F1E0 /* Project object */;
}
